# THIS IS AN AUTOGENERATED FILE. DO NOT EDIT THIS FILE DIRECTLY.
# yarn lockfile v1


"@fontsource/fira-mono@^4.5.0":
  "integrity" "sha512-sFuSPB/Km8B1fy3CH0NqO5Nb4GmVMzp3XFaw6MwK293xhm3OnB68QJawwTTjLewcrS78wOTAhTUB058qxurJoQ=="
  "resolved" "https://registry.npmjs.org/@fontsource/fira-mono/-/fira-mono-4.5.8.tgz"
  "version" "4.5.8"

"@fontsource/lato@^4.5.8":
  "integrity" "sha512-IoSvhhzHsSzJu5XEOmDqzqcSmtfcJ788nz2TDgGXac076DApUsYIPHHBd0dh9guMBIVuHZ8Y2dlXNHFl4bCyLA=="
  "resolved" "https://registry.npmjs.org/@fontsource/lato/-/lato-4.5.8.tgz"
  "version" "4.5.8"

"@fontsource/overpass@^4.5.8":
  "integrity" "sha512-ypYVekqGb1b01ouEi0lWZlfHfA7BNzZYNxrIhSWF2QHY8e+XQxLua3JL7U84L+0eOWAamcZNqCrz7ZEHLDZ0eg=="
  "resolved" "https://registry.npmjs.org/@fontsource/overpass/-/overpass-4.5.8.tgz"
  "version" "4.5.8"

"@fortawesome/fontawesome-common-types@6.1.1":
  "integrity" "sha512-wVn5WJPirFTnzN6tR95abCx+ocH+3IFLXAgyavnf9hUmN0CfWoDjPT/BAWsUVwSlYYVBeCLJxaqi7ZGe4uSjBA=="
  "resolved" "https://registry.npmjs.org/@fortawesome/fontawesome-common-types/-/fontawesome-common-types-6.1.1.tgz"
  "version" "6.1.1"

"@fortawesome/fontawesome-svg-core@^6.1.1":
  "integrity" "sha512-NCg0w2YIp81f4V6cMGD9iomfsIj7GWrqmsa0ZsPh59G7PKiGN1KymZNxmF00ssuAlo/VZmpK6xazsGOwzKYUMg=="
  "resolved" "https://registry.npmjs.org/@fortawesome/fontawesome-svg-core/-/fontawesome-svg-core-6.1.1.tgz"
  "version" "6.1.1"
  dependencies:
    "@fortawesome/fontawesome-common-types" "6.1.1"

"@fortawesome/free-brands-svg-icons@^6.1.1":
  "integrity" "sha512-mFbI/czjBZ+paUtw5NPr2IXjun5KAC8eFqh1hnxowjA4mMZxWz4GCIksq6j9ZSa6Uxj9JhjjDVEd77p2LN2Blg=="
  "resolved" "https://registry.npmjs.org/@fortawesome/free-brands-svg-icons/-/free-brands-svg-icons-6.1.1.tgz"
  "version" "6.1.1"
  dependencies:
    "@fortawesome/fontawesome-common-types" "6.1.1"

"@sveltejs/adapter-node@^1.0.0-next.79":
  "integrity" "sha512-cPD28X6qoI53rZzGhaBmE+88vgv4oc/S/jJ1t+rUMpz4d/X2Wo3zuShXpWDhqj8Vix8SbggV0JRCtu4a0hoYQg=="
  "resolved" "https://registry.npmjs.org/@sveltejs/adapter-node/-/adapter-node-1.0.0-next.79.tgz"
  "version" "1.0.0-next.79"
  dependencies:
    "tiny-glob" "^0.2.9"

"cookie@^0.4.1":
  "integrity" "sha512-aSWTXFzaKWkvHO1Ny/s+ePFpvKsPnjc551iI41v3ny/ow6tBG5Vd+FuqGNhh1LxOmVzOlGUriIlOaokOvhaStA=="
  "resolved" "https://registry.npmjs.org/cookie/-/cookie-0.4.2.tgz"
  "version" "0.4.2"

"globalyzer@0.1.0":
  "integrity" "sha512-40oNTM9UfG6aBmuKxk/giHn5nQ8RVz/SS4Ir6zgzOv9/qC3kKZ9v4etGTcJbEl/NyVQH7FGU7d+X1egr57Md2Q=="
  "resolved" "https://registry.npmjs.org/globalyzer/-/globalyzer-0.1.0.tgz"
  "version" "0.1.0"

"globrex@^0.1.2":
  "integrity" "sha512-uHJgbwAMwNFf5mLst7IWLNg14x1CkeqglJb/K3doi4dw6q2IvAAmM/Y81kevy83wP+Sst+nutFTYOGg3d1lsxg=="
  "resolved" "https://registry.npmjs.org/globrex/-/globrex-0.1.2.tgz"
  "version" "0.1.2"

"svelte-fa@^3.0.2":
  "integrity" "sha512-cmoAJIcaLB5QvY1pyhy6biPk0+BOpGRljO56ftopaT6PkVBRp6GHxDcvgxNh6HN1+DJpES7UvTY4mhTDOEN/MQ=="
  "resolved" "https://registry.npmjs.org/svelte-fa/-/svelte-fa-3.0.2.tgz"
  "version" "3.0.2"

"tiny-glob@^0.2.9":
  "integrity" "sha512-g/55ssRPUjShh+xkfx9UPDXqhckHEsHr4Vd9zX55oSdGZc/MD0m3sferOkwWtp98bv+kcVfEHtRJgBVJzelrzg=="
  "resolved" "https://registry.npmjs.org/tiny-glob/-/tiny-glob-0.2.9.tgz"
  "version" "0.2.9"
  dependencies:
    "globalyzer" "0.1.0"
    "globrex" "^0.1.2"
